
Microsoft Visual Studio Solution File, Format Version 12.00
# Visual Studio Version 17
VisualStudioVersion = 17.0.31903.59
MinimumVisualStudioVersion = 10.0.40219.1
Project("{FAE04EC0-301F-11D3-BF4B-00C04F79EFBC}") = "AdminPanel.ModelsAndRepository", "AdminPanel.ModelsAndRepository\AdminPanel.ModelsAndRepository.csproj", "{8CB4B58B-9F95-4602-BBF7-19CDDCE2642F}"
EndProject
Project("{FAE04EC0-301F-11D3-BF4B-00C04F79EFBC}") = "AdminPanel.Service", "AdminPanel.Service\AdminPanel.Service.csproj", "{FB85C994-1F46-4557-B2D8-3BD2C2B7FC08}"
EndProject
Project("{FAE04EC0-301F-11D3-BF4B-00C04F79EFBC}") = "AdminPanel.Api", "AdminPanel.Api\AdminPanel.Api.csproj", "{ACB6870C-F489-4786-8690-FB213EE1F5B1}"
EndProject
Project("{FAE04EC0-301F-11D3-BF4B-00C04F79EFBC}") = "RequestTransformer", "RequestTransformer\RequestTransformer.csproj", "{2C811606-C63A-47FB-AA9F-B69BFB326606}"
EndProject
Global
	GlobalSection(SolutionConfigurationPlatforms) = preSolution
		Debug|Any CPU = Debug|Any CPU
		Release|Any CPU = Release|Any CPU
	EndGlobalSection
	GlobalSection(ProjectConfigurationPlatforms) = postSolution
		{8CB4B58B-9F95-4602-BBF7-19CDDCE2642F}.Debug|Any CPU.ActiveCfg = Debug|Any CPU
		{8CB4B58B-9F95-4602-BBF7-19CDDCE2642F}.Debug|Any CPU.Build.0 = Debug|Any CPU
		{8CB4B58B-9F95-4602-BBF7-19CDDCE2642F}.Release|Any CPU.ActiveCfg = Release|Any CPU
		{8CB4B58B-9F95-4602-BBF7-19CDDCE2642F}.Release|Any CPU.Build.0 = Release|Any CPU
		{FB85C994-1F46-4557-B2D8-3BD2C2B7FC08}.Debug|Any CPU.ActiveCfg = Debug|Any CPU
		{FB85C994-1F46-4557-B2D8-3BD2C2B7FC08}.Debug|Any CPU.Build.0 = Debug|Any CPU
		{FB85C994-1F46-4557-B2D8-3BD2C2B7FC08}.Release|Any CPU.ActiveCfg = Release|Any CPU
		{FB85C994-1F46-4557-B2D8-3BD2C2B7FC08}.Release|Any CPU.Build.0 = Release|Any CPU
		{ACB6870C-F489-4786-8690-FB213EE1F5B1}.Debug|Any CPU.ActiveCfg = Debug|Any CPU
		{ACB6870C-F489-4786-8690-FB213EE1F5B1}.Debug|Any CPU.Build.0 = Debug|Any CPU
		{ACB6870C-F489-4786-8690-FB213EE1F5B1}.Release|Any CPU.ActiveCfg = Release|Any CPU
		{ACB6870C-F489-4786-8690-FB213EE1F5B1}.Release|Any CPU.Build.0 = Release|Any CPU
		{2C811606-C63A-47FB-AA9F-B69BFB326606}.Debug|Any CPU.ActiveCfg = Debug|Any CPU
		{2C811606-C63A-47FB-AA9F-B69BFB326606}.Debug|Any CPU.Build.0 = Debug|Any CPU
		{2C811606-C63A-47FB-AA9F-B69BFB326606}.Release|Any CPU.ActiveCfg = Release|Any CPU
		{2C811606-C63A-47FB-AA9F-B69BFB326606}.Release|Any CPU.Build.0 = Release|Any CPU
	EndGlobalSection
	GlobalSection(SolutionProperties) = preSolution
		HideSolutionNode = FALSE
	EndGlobalSection
EndGlobal
